
Microsoft Visual Studio Solution File, Format Version 12.00
# Visual Studio 15
VisualStudioVersion = 15.0.28010.2036
MinimumVisualStudioVersion = 10.0.40219.1
Project("{FAE04EC0-301F-11D3-BF4B-00C04F79EFBC}") = "SurveyCore", "SurveyCore\SurveyCore.csproj", "{3B0BC2E7-15BF-42CD-BD30-4357B71DE1A0}"
EndProject
Global
	GlobalSection(SolutionConfigurationPlatforms) = preSolution
		Debug|Any CPU = Debug|Any CPU
		Release|Any CPU = Release|Any CPU
	EndGlobalSection
	GlobalSection(ProjectConfigurationPlatforms) = postSolution
		{3B0BC2E7-15BF-42CD-BD30-4357B71DE1A0}.Debug|Any CPU.ActiveCfg = Debug|Any CPU
		{3B0BC2E7-15BF-42CD-BD30-4357B71DE1A0}.Debug|Any CPU.Build.0 = Debug|Any CPU
		{3B0BC2E7-15BF-42CD-BD30-4357B71DE1A0}.Release|Any CPU.ActiveCfg = Release|Any CPU
		{3B0BC2E7-15BF-42CD-BD30-4357B71DE1A0}.Release|Any CPU.Build.0 = Release|Any CPU
	EndGlobalSection
	GlobalSection(SolutionProperties) = preSolution
		HideSolutionNode = FALSE
	EndGlobalSection
	GlobalSection(ExtensibilityGlobals) = postSolution
		SolutionGuid = {01C7A6BA-2CDD-40E9-BBEF-95BDE79D9E08}
	EndGlobalSection
EndGlobal
